// !$*UTF8*$!
{
	archiveVersion = 1;
	classes = {
	};
	objectVersion = 56;
	objects = {

/* Begin PBXBuildFile section */
		BD23ED8C2C2DF59E00496DD4 /* ToDoContentView.swift in Sources */ = {isa = PBXBuildFile; fileRef = BD23ED8B2C2DF59E00496DD4 /* ToDoContentView.swift */; };
		BD23ED8E2C2DF64E00496DD4 /* ToDoItem.swift in Sources */ = {isa = PBXBuildFile; fileRef = BD23ED8D2C2DF64E00496DD4 /* ToDoItem.swift */; };
		BD23ED902C2DF6CB00496DD4 /* ToDoApp.swift in Sources */ = {isa = PBXBuildFile; fileRef = BD23ED8F2C2DF6CB00496DD4 /* ToDoApp.swift */; };
		BD23ED922C2DF71100496DD4 /* NewToDoView.swift in Sources */ = {isa = PBXBuildFile; fileRef = BD23ED912C2DF71100496DD4 /* NewToDoView.swift */; };
		BD23ED942C2E150600496DD4 /* QuotesContentView.swift in Sources */ = {isa = PBXBuildFile; fileRef = BD23ED932C2E150600496DD4 /* QuotesContentView.swift */; };
		BD23ED962C2E160500496DD4 /* LazyButton.swift in Sources */ = {isa = PBXBuildFile; fileRef = BD23ED952C2E160500496DD4 /* LazyButton.swift */; };
		BD23ED982C2E19D200496DD4 /* FakeTimerScreen.swift in Sources */ = {isa = PBXBuildFile; fileRef = BD23ED972C2E19D200496DD4 /* FakeTimerScreen.swift */; };
		BDD87D102C2B5B130018023B /* PizzazzProductivityApp.swift in Sources */ = {isa = PBXBuildFile; fileRef = BDD87D0F2C2B5B130018023B /* PizzazzProductivityApp.swift */; };
		BDD87D122C2B5B130018023B /* ContentView.swift in Sources */ = {isa = PBXBuildFile; fileRef = BDD87D112C2B5B130018023B /* ContentView.swift */; };
		BDD87D142C2B5B200018023B /* Assets.xcassets in Resources */ = {isa = PBXBuildFile; fileRef = BDD87D132C2B5B200018023B /* Assets.xcassets */; };
		BDD87D172C2B5B200018023B /* Preview Assets.xcassets in Resources */ = {isa = PBXBuildFile; fileRef = BDD87D162C2B5B200018023B /* Preview Assets.xcassets */; };
		BDD87D1E2C2B65760018023B /* HomeScreen.swift in Sources */ = {isa = PBXBuildFile; fileRef = BDD87D1D2C2B65760018023B /* HomeScreen.swift */; };
/* End PBXBuildFile section */

/* Begin PBXFileReference section */
		BD23ED8B2C2DF59E00496DD4 /* ToDoContentView.swift */ = {isa = PBXFileReference; lastKnownFileType = sourcecode.swift; path = ToDoContentView.swift; sourceTree = "<group>"; };
		BD23ED8D2C2DF64E00496DD4 /* ToDoItem.swift */ = {isa = PBXFileReference; lastKnownFileType = sourcecode.swift; path = ToDoItem.swift; sourceTree = "<group>"; };
		BD23ED8F2C2DF6CB00496DD4 /* ToDoApp.swift */ = {isa = PBXFileReference; lastKnownFileType = sourcecode.swift; path = ToDoApp.swift; sourceTree = "<group>"; };
		BD23ED912C2DF71100496DD4 /* NewToDoView.swift */ = {isa = PBXFileReference; lastKnownFileType = sourcecode.swift; path = NewToDoView.swift; sourceTree = "<group>"; };
		BD23ED932C2E150600496DD4 /* QuotesContentView.swift */ = {isa = PBXFileReference; lastKnownFileType = sourcecode.swift; path = QuotesContentView.swift; sourceTree = "<group>"; };
		BD23ED952C2E160500496DD4 /* LazyButton.swift */ = {isa = PBXFileReference; lastKnownFileType = sourcecode.swift; path = LazyButton.swift; sourceTree = "<group>"; };
		BD23ED972C2E19D200496DD4 /* FakeTimerScreen.swift */ = {isa = PBXFileReference; lastKnownFileType = sourcecode.swift; path = FakeTimerScreen.swift; sourceTree = "<group>"; };
		BDD87D0C2C2B5B130018023B /* PizzazzProductivity.app */ = {isa = PBXFileReference; explicitFileType = wrapper.application; includeInIndex = 0; path = PizzazzProductivity.app; sourceTree = BUILT_PRODUCTS_DIR; };
		BDD87D0F2C2B5B130018023B /* PizzazzProductivityApp.swift */ = {isa = PBXFileReference; lastKnownFileType = sourcecode.swift; path = PizzazzProductivityApp.swift; sourceTree = "<group>"; };
		BDD87D112C2B5B130018023B /* ContentView.swift */ = {isa = PBXFileReference; lastKnownFileType = sourcecode.swift; path = ContentView.swift; sourceTree = "<group>"; };
		BDD87D132C2B5B200018023B /* Assets.xcassets */ = {isa = PBXFileReference; lastKnownFileType = folder.assetcatalog; path = Assets.xcassets; sourceTree = "<group>"; };
		BDD87D162C2B5B200018023B /* Preview Assets.xcassets */ = {isa = PBXFileReference; lastKnownFileType = folder.assetcatalog; path = "Preview Assets.xcassets"; sourceTree = "<group>"; };
		BDD87D1D2C2B65760018023B /* HomeScreen.swift */ = {isa = PBXFileReference; lastKnownFileType = sourcecode.swift; path = HomeScreen.swift; sourceTree = "<group>"; };
/* End PBXFileReference section */

/* Begin PBXFrameworksBuildPhase section */
		BDD87D092C2B5B130018023B /* Frameworks */ = {
			isa = PBXFrameworksBuildPhase;
			buildActionMask = 2147483647;
			files = (
			);
			runOnlyForDeploymentPostprocessing = 0;
		};
/* End PBXFrameworksBuildPhase section */

/* Begin PBXGroup section */
		BDD87D032C2B5B130018023B = {
			isa = PBXGroup;
			children = (
				BDD87D0E2C2B5B130018023B /* PizzazzProductivity */,
				BDD87D0D2C2B5B130018023B /* Products */,
			);
			sourceTree = "<group>";
		};
		BDD87D0D2C2B5B130018023B /* Products */ = {
			isa = PBXGroup;
			children = (
				BDD87D0C2C2B5B130018023B /* PizzazzProductivity.app */,
			);
			name = Products;
			sourceTree = "<group>";
		};
		BDD87D0E2C2B5B130018023B /* PizzazzProductivity */ = {
			isa = PBXGroup;
			children = (
				BDD87D0F2C2B5B130018023B /* PizzazzProductivityApp.swift */,
				BDD87D112C2B5B130018023B /* ContentView.swift */,
				BD23ED972C2E19D200496DD4 /* FakeTimerScreen.swift */,
				BD23ED8B2C2DF59E00496DD4 /* ToDoContentView.swift */,
				BD23ED8D2C2DF64E00496DD4 /* ToDoItem.swift */,
				BD23ED932C2E150600496DD4 /* QuotesContentView.swift */,
				BD23ED952C2E160500496DD4 /* LazyButton.swift */,
				BD23ED8F2C2DF6CB00496DD4 /* ToDoApp.swift */,
				BD23ED912C2DF71100496DD4 /* NewToDoView.swift */,
				BDD87D1D2C2B65760018023B /* HomeScreen.swift */,
				BDD87D132C2B5B200018023B /* Assets.xcassets */,
				BDD87D152C2B5B200018023B /* Preview Content */,
			);
			path = PizzazzProductivity;
			sourceTree = "<group>";
		};
		BDD87D152C2B5B200018023B /* Preview Content */ = {
			isa = PBXGroup;
			children = (
				BDD87D162C2B5B200018023B /* Preview Assets.xcassets */,
			);
			path = "Preview Content";
			sourceTree = "<group>";
		};
/* End PBXGroup section */

/* Begin PBXNativeTarget section */
		BDD87D0B2C2B5B130018023B /* PizzazzProductivity */ = {
			isa = PBXNativeTarget;
			buildConfigurationList = BDD87D1A2C2B5B200018023B /* Build configuration list for PBXNativeTarget "PizzazzProductivity" */;
			buildPhases = (
				BDD87D082C2B5B130018023B /* Sources */,
				BDD87D092C2B5B130018023B /* Frameworks */,
				BDD87D0A2C2B5B130018023B /* Resources */,
			);
			buildRules = (
			);
			dependencies = (
			);
			name = PizzazzProductivity;
			productName = PizzazzProductivity;
			productReference = BDD87D0C2C2B5B130018023B /* PizzazzProductivity.app */;
			productType = "com.apple.product-type.application";
		};
/* End PBXNativeTarget section */

/* Begin PBXProject section */
		BDD87D042C2B5B130018023B /* Project object */ = {
			isa = PBXProject;
			attributes = {
				BuildIndependentTargetsInParallel = 1;
				LastSwiftUpdateCheck = 1540;
				LastUpgradeCheck = 1540;
				TargetAttributes = {
					BDD87D0B2C2B5B130018023B = {
						CreatedOnToolsVersion = 15.4;
					};
				};
			};
			buildConfigurationList = BDD87D072C2B5B130018023B /* Build configuration list for PBXProject "PizzazzProductivity" */;
			compatibilityVersion = "Xcode 14.0";
			developmentRegion = en;
			hasScannedForEncodings = 0;
			knownRegions = (
				en,
				Base,
			);
			mainGroup = BDD87D032C2B5B130018023B;
			productRefGroup = BDD87D0D2C2B5B130018023B /* Products */;
			projectDirPath = "";
			projectRoot = "";
			targets = (
				BDD87D0B2C2B5B130018023B /* PizzazzProductivity */,
			);
		};
/* End PBXProject section */

/* Begin PBXResourcesBuildPhase section */
		BDD87D0A2C2B5B130018023B /* Resources */ = {
			isa = PBXResourcesBuildPhase;
			buildActionMask = 2147483647;
			files = (
				BDD87D172C2B5B200018023B /* Preview Assets.xcassets in Resources */,
				BDD87D142C2B5B200018023B /* Assets.xcassets in Resources */,
			);
			runOnlyForDeploymentPostprocessing = 0;
		};
/* End PBXResourcesBuildPhase section */

/* Begin PBXSourcesBuildPhase section */
		BDD87D082C2B5B130018023B /* Sources */ = {
			isa = PBXSourcesBuildPhase;
			buildActionMask = 2147483647;
			files = (
				BD23ED8C2C2DF59E00496DD4 /* ToDoContentView.swift in Sources */,
				BD23ED962C2E160500496DD4 /* LazyButton.swift in Sources */,
				BD23ED982C2E19D200496DD4 /* FakeTimerScreen.swift in Sources */,
				BD23ED942C2E150600496DD4 /* QuotesContentView.swift in Sources */,
				BDD87D122C2B5B130018023B /* ContentView.swift in Sources */,
				BD23ED922C2DF71100496DD4 /* NewToDoView.swift in Sources */,
				BD23ED8E2C2DF64E00496DD4 /* ToDoItem.swift in Sources */,
				BD23ED902C2DF6CB00496DD4 /* ToDoApp.swift in Sources */,
				BDD87D102C2B5B130018023B /* PizzazzProductivityApp.swift in Sources */,
				BDD87D1E2C2B65760018023B /* HomeScreen.swift in Sources */,
			);
			runOnlyForDeploymentPostprocessing = 0;
		};
/* End PBXSourcesBuildPhase section */

/* Begin XCBuildConfiguration section */
		BDD87D182C2B5B200018023B /* Debug */ = {
			isa = XCBuildConfiguration;
			buildSettings = {
				ALWAYS_SEARCH_USER_PATHS = NO;
				ASSETCATALOG_COMPILER_GENERATE_SWIFT_ASSET_SYMBOL_EXTENSIONS = YES;
				CLANG_ANALYZER_NONNULL = YES;
				CLANG_ANALYZER_NUMBER_OBJECT_CONVERSION = YES_AGGRESSIVE;
				CLANG_CXX_LANGUAGE_STANDARD = "gnu++20";
				CLANG_ENABLE_MODULES = YES;
				CLANG_ENABLE_OBJC_ARC = YES;
				CLANG_ENABLE_OBJC_WEAK = YES;
				CLANG_WARN_BLOCK_CAPTURE_AUTORELEASING = YES;
				CLANG_WARN_BOOL_CONVERSION = YES;
				CLANG_WARN_COMMA = YES;
				CLANG_WARN_CONSTANT_CONVERSION = YES;
				CLANG_WARN_DEPRECATED_OBJC_IMPLEMENTATIONS = YES;
				CLANG_WARN_DIRECT_OBJC_ISA_USAGE = YES_ERROR;
				CLANG_WARN_DOCUMENTATION_COMMENTS = YES;
				CLANG_WARN_EMPTY_BODY = YES;
				CLANG_WARN_ENUM_CONVERSION = YES;
				CLANG_WARN_INFINITE_RECURSION = YES;
				CLANG_WARN_INT_CONVERSION = YES;
				CLANG_WARN_NON_LITERAL_NULL_CONVERSION = YES;
				CLANG_WARN_OBJC_IMPLICIT_RETAIN_SELF = YES;
				CLANG_WARN_OBJC_LITERAL_CONVERSION = YES;
				CLANG_WARN_OBJC_ROOT_CLASS = YES_ERROR;
				CLANG_WARN_QUOTED_INCLUDE_IN_FRAMEWORK_HEADER = YES;
				CLANG_WARN_RANGE_LOOP_ANALYSIS = YES;
				CLANG_WARN_STRICT_PROTOTYPES = YES;
				CLANG_WARN_SUSPICIOUS_MOVE = YES;
				CLANG_WARN_UNGUARDED_AVAILABILITY = YES_AGGRESSIVE;
				CLANG_WARN_UNREACHABLE_CODE = YES;
				CLANG_WARN__DUPLICATE_METHOD_MATCH = YES;
				COPY_PHASE_STRIP = NO;
				DEBUG_INFORMATION_FORMAT = dwarf;
				ENABLE_STRICT_OBJC_MSGSEND = YES;
				ENABLE_TESTABILITY = YES;
				ENABLE_USER_SCRIPT_SANDBOXING = YES;
				GCC_C_LANGUAGE_STANDARD = gnu17;
				GCC_DYNAMIC_NO_PIC = NO;
				GCC_NO_COMMON_BLOCKS = YES;
				GCC_OPTIMIZATION_LEVEL = 0;
				GCC_PREPROCESSOR_DEFINITIONS = (
					"DEBUG=1",
					"$(inherited)",
				);
				GCC_WARN_64_TO_32_BIT_CONVERSION = YES;
				GCC_WARN_ABOUT_RETURN_TYPE = YES_ERROR;
				GCC_WARN_UNDECLARED_SELECTOR = YES;
				GCC_WARN_UNINITIALIZED_AUTOS = YES_AGGRESSIVE;
				GCC_WARN_UNUSED_FUNCTION = YES;
				GCC_WARN_UNUSED_VARIABLE = YES;
				IPHONEOS_DEPLOYMENT_TARGET = 17.5;
				LOCALIZATION_PREFERS_STRING_CATALOGS = YES;
				MTL_ENABLE_DEBUG_INFO = INCLUDE_SOURCE;
				MTL_FAST_MATH = YES;
				ONLY_ACTIVE_ARCH = YES;
				SDKROOT = iphoneos;
				SWIFT_ACTIVE_COMPILATION_CONDITIONS = "DEBUG $(inherited)";
				SWIFT_OPTIMIZATION_LEVEL = "-Onone";
			};
			name = Debug;
		};
		BDD87D192C2B5B200018023B /* Release */ = {
			isa = XCBuildConfiguration;
			buildSettings = {
				ALWAYS_SEARCH_USER_PATHS = NO;
				ASSETCATALOG_COMPILER_GENERATE_SWIFT_ASSET_SYMBOL_EXTENSIONS = YES;
				CLANG_ANALYZER_NONNULL = YES;
				CLANG_ANALYZER_NUMBER_OBJECT_CONVERSION = YES_AGGRESSIVE;
				CLANG_CXX_LANGUAGE_STANDARD = "gnu++20";
				CLANG_ENABLE_MODULES = YES;
				CLANG_ENABLE_OBJC_ARC = YES;
				CLANG_ENABLE_OBJC_WEAK = YES;
				CLANG_WARN_BLOCK_CAPTURE_AUTORELEASING = YES;
				CLANG_WARN_BOOL_CONVERSION = YES;
				CLANG_WARN_COMMA = YES;
				CLANG_WARN_CONSTANT_CONVERSION = YES;
				CLANG_WARN_DEPRECATED_OBJC_IMPLEMENTATIONS = YES;
				CLANG_WARN_DIRECT_OBJC_ISA_USAGE = YES_ERROR;
				CLANG_WARN_DOCUMENTATION_COMMENTS = YES;
				CLANG_WARN_EMPTY_BODY = YES;
				CLANG_WARN_ENUM_CONVERSION = YES;
				CLANG_WARN_INFINITE_RECURSION = YES;
				CLANG_WARN_INT_CONVERSION = YES;
				CLANG_WARN_NON_LITERAL_NULL_CONVERSION = YES;
				CLANG_WARN_OBJC_IMPLICIT_RETAIN_SELF = YES;
				CLANG_WARN_OBJC_LITERAL_CONVERSION = YES;
				CLANG_WARN_OBJC_ROOT_CLASS = YES_ERROR;
				CLANG_WARN_QUOTED_INCLUDE_IN_FRAMEWORK_HEADER = YES;
				CLANG_WARN_RANGE_LOOP_ANALYSIS = YES;
				CLANG_WARN_STRICT_PROTOTYPES = YES;
				CLANG_WARN_SUSPICIOUS_MOVE = YES;
				CLANG_WARN_UNGUARDED_AVAILABILITY = YES_AGGRESSIVE;
				CLANG_WARN_UNREACHABLE_CODE = YES;
				CLANG_WARN__DUPLICATE_METHOD_MATCH = YES;
				COPY_PHASE_STRIP = NO;
				DEBUG_INFORMATION_FORMAT = "dwarf-with-dsym";
				ENABLE_NS_ASSERTIONS = NO;
				ENABLE_STRICT_OBJC_MSGSEND = YES;
				ENABLE_USER_SCRIPT_SANDBOXING = YES;
				GCC_C_LANGUAGE_STANDARD = gnu17;
				GCC_NO_COMMON_BLOCKS = YES;
				GCC_WARN_64_TO_32_BIT_CONVERSION = YES;
				GCC_WARN_ABOUT_RETURN_TYPE = YES_ERROR;
				GCC_WARN_UNDECLARED_SELECTOR = YES;
				GCC_WARN_UNINITIALIZED_AUTOS = YES_AGGRESSIVE;
				GCC_WARN_UNUSED_FUNCTION = YES;
				GCC_WARN_UNUSED_VARIABLE = YES;
				IPHONEOS_DEPLOYMENT_TARGET = 17.5;
				LOCALIZATION_PREFERS_STRING_CATALOGS = YES;
				MTL_ENABLE_DEBUG_INFO = NO;
				MTL_FAST_MATH = YES;
				SDKROOT = iphoneos;
				SWIFT_COMPILATION_MODE = wholemodule;
				VALIDATE_PRODUCT = YES;
			};
			name = Release;
		};
		BDD87D1B2C2B5B200018023B /* Debug */ = {
			isa = XCBuildConfiguration;
			buildSettings = {
				ASSETCATALOG_COMPILER_APPICON_NAME = AppIcon;
				ASSETCATALOG_COMPILER_GLOBAL_ACCENT_COLOR_NAME = AccentColor;
				CODE_SIGN_STYLE = Automatic;
				CURRENT_PROJECT_VERSION = 1;
				DEVELOPMENT_ASSET_PATHS = "\"PizzazzProductivity/Preview Content\"";
				ENABLE_PREVIEWS = YES;
				GENERATE_INFOPLIST_FILE = YES;
				INFOPLIST_KEY_UIApplicationSceneManifest_Generation = YES;
				INFOPLIST_KEY_UIApplicationSupportsIndirectInputEvents = YES;
				INFOPLIST_KEY_UILaunchScreen_Generation = YES;
				INFOPLIST_KEY_UISupportedInterfaceOrientations_iPad = "UIInterfaceOrientationPortrait UIInterfaceOrientationPortraitUpsideDown UIInterfaceOrientationLandscapeLeft UIInterfaceOrientationLandscapeRight";
				INFOPLIST_KEY_UISupportedInterfaceOrientations_iPhone = "UIInterfaceOrientationPortrait UIInterfaceOrientationLandscapeLeft UIInterfaceOrientationLandscapeRight";
				LD_RUNPATH_SEARCH_PATHS = (
					"$(inherited)",
					"@executable_path/Frameworks",
				);
				MARKETING_VERSION = 1.0;
				PRODUCT_BUNDLE_IDENTIFIER = kwk.PizzazzProductivity;
				PRODUCT_NAME = "$(TARGET_NAME)";
				SWIFT_EMIT_LOC_STRINGS = YES;
				SWIFT_VERSION = 5.0;
				TARGETED_DEVICE_FAMILY = "1,2";
			};
			name = Debug;
		};
		BDD87D1C2C2B5B200018023B /* Release */ = {
			isa = XCBuildConfiguration;
			buildSettings = {
				ASSETCATALOG_COMPILER_APPICON_NAME = AppIcon;
				ASSETCATALOG_COMPILER_GLOBAL_ACCENT_COLOR_NAME = AccentColor;
				CODE_SIGN_STYLE = Automatic;
				CURRENT_PROJECT_VERSION = 1;
				DEVELOPMENT_ASSET_PATHS = "\"PizzazzProductivity/Preview Content\"";
				ENABLE_PREVIEWS = YES;
				GENERATE_INFOPLIST_FILE = YES;
				INFOPLIST_KEY_UIApplicationSceneManifest_Generation = YES;
				INFOPLIST_KEY_UIApplicationSupportsIndirectInputEvents = YES;
				INFOPLIST_KEY_UILaunchScreen_Generation = YES;
				INFOPLIST_KEY_UISupportedInterfaceOrientations_iPad = "UIInterfaceOrientationPortrait UIInterfaceOrientationPortraitUpsideDown UIInterfaceOrientationLandscapeLeft UIInterfaceOrientationLandscapeRight";
				INFOPLIST_KEY_UISupportedInterfaceOrientations_iPhone = "UIInterfaceOrientationPortrait UIInterfaceOrientationLandscapeLeft UIInterfaceOrientationLandscapeRight";
				LD_RUNPATH_SEARCH_PATHS = (
					"$(inherited)",
					"@executable_path/Frameworks",
				);
				MARKETING_VERSION = 1.0;
				PRODUCT_BUNDLE_IDENTIFIER = kwk.PizzazzProductivity;
				PRODUCT_NAME = "$(TARGET_NAME)";
				SWIFT_EMIT_LOC_STRINGS = YES;
				SWIFT_VERSION = 5.0;
				TARGETED_DEVICE_FAMILY = "1,2";
			};
			name = Release;
		};
/* End XCBuildConfiguration section */

/* Begin XCConfigurationList section */
		BDD87D072C2B5B130018023B /* Build configuration list for PBXProject "PizzazzProductivity" */ = {
			isa = XCConfigurationList;
			buildConfigurations = (
				BDD87D182C2B5B200018023B /* Debug */,
				BDD87D192C2B5B200018023B /* Release */,
			);
			defaultConfigurationIsVisible = 0;
			defaultConfigurationName = Release;
		};
		BDD87D1A2C2B5B200018023B /* Build configuration list for PBXNativeTarget "PizzazzProductivity" */ = {
			isa = XCConfigurationList;
			buildConfigurations = (
				BDD87D1B2C2B5B200018023B /* Debug */,
				BDD87D1C2C2B5B200018023B /* Release */,
			);
			defaultConfigurationIsVisible = 0;
			defaultConfigurationName = Release;
		};
/* End XCConfigurationList section */
	};
	rootObject = BDD87D042C2B5B130018023B /* Project object */;
}
